lockfileVersion: '9.0'

settings:
  autoInstallPeers: true
  excludeLinksFromLockfile: false

importers:

  .:
    dependencies:
      node-ical:
        specifier: 0.25.1
        version: 0.25.1

packages:

  '@js-temporal/polyfill@0.5.1':
    resolution: {integrity: sha512-hloP58zRVCRSpgDxmqCWJNlizAlUgJFqG2ypq79DCvyv9tHjRYMDOcPFjzfl/A1/YxDvRCZz8wvZvmapQnKwFQ==}
    engines: {node: '>=12'}

  jsbi@4.3.2:
    resolution: {integrity: sha512-9fqMSQbhJykSeii05nxKl4m6Eqn2P6rOlYiS+C5Dr/HPIU/7yZxu5qzbs40tgaFORiw2Amd0mirjxatXYMkIew==}

  node-ical@0.25.1:
    resolution: {integrity: sha512-YD8j+av9f1tlrWBkGjHi8Okv5yKyQPCRLV1IGDW5DgNHXhmoALLeKNdex9govQEJP/HipQDc5YQs2hu81XE/wA==}
    engines: {node: '>=18'}

  rrule-temporal@1.6.0:
    resolution: {integrity: sha512-tlhiNroletItRVdVP3knk92MCPNdFmPpehQMxf+jSo0CHZpmp1WUsvdVpg2iS++J9+O7/89J64BldN21kbcBqA==}

  temporal-spec@1.0.1:
    resolution: {integrity: sha512-wxVoanmDeavXie1vu2JaQ3WIc3JZnWAOYFBsJyATaVsXsycKYUflGsyBmrRSnoCpZJpwPyr38VpgSUlQ8CbFxg==}

snapshots:

  '@js-temporal/polyfill@0.5.1':
    dependencies:
      jsbi: 4.3.2

  jsbi@4.3.2: {}

  node-ical@0.25.1:
    dependencies:
      rrule-temporal: 1.6.0

  rrule-temporal@1.6.0:
    dependencies:
      '@js-temporal/polyfill': 0.5.1
      temporal-spec: 1.0.1

  temporal-spec@1.0.1: {}
